Microsoft Visual Studio Solution File, Format Version 12.00
# Visual Studio Version 17
VisualStudioVersion = 17.5.2.0
MinimumVisualStudioVersion = 10.0.40219.1
Project("{FAE04EC0-301F-11D3-BF4B-00C04F79EFBC}") = "OnTecAssessment", "OnTecAssessment\OnTecAssessment.csproj", "{8640C0EA-B78B-33C3-85FB-325BDEC2A4A7}"
EndProject
Global
	GlobalSection(SolutionConfigurationPlatforms) = preSolution
		Debug|Any CPU = Debug|Any CPU
		Release|Any CPU = Release|Any CPU
	EndGlobalSection
	GlobalSection(ProjectConfigurationPlatforms) = postSolution
		{8640C0EA-B78B-33C3-85FB-325BDEC2A4A7}.Debug|Any CPU.ActiveCfg = Debug|Any CPU
		{8640C0EA-B78B-33C3-85FB-325BDEC2A4A7}.Debug|Any CPU.Build.0 = Debug|Any CPU
		{8640C0EA-B78B-33C3-85FB-325BDEC2A4A7}.Release|Any CPU.ActiveCfg = Release|Any CPU
		{8640C0EA-B78B-33C3-85FB-325BDEC2A4A7}.Release|Any CPU.Build.0 = Release|Any CPU
	EndGlobalSection
	GlobalSection(SolutionProperties) = preSolution
		HideSolutionNode = FALSE
	EndGlobalSection
	GlobalSection(ExtensibilityGlobals) = postSolution
		SolutionGuid = {6457C841-3FDD-47A7-A8A5-3CB5932BB319}
	EndGlobalSection
EndGlobal
